
Microsoft Visual Studio Solution File, Format Version 12.00
# Visual Studio Version 16
VisualStudioVersion = 16.0.29009.5
MinimumVisualStudioVersion = 10.0.40219.1
Project("{9A19103F-16F7-4668-BE54-9A1E7A4F7556}") = "MyClientWeb2", "MyClientWeb2\MyClientWeb2.csproj", "{97DA3DE1-C521-41BF-8F38-B52EF8B99B1F}"
EndProject
Project("{FAE04EC0-301F-11D3-BF4B-00C04F79EFBC}") = "MyClientWeb2.Api", "MyClientWeb2.Api\MyClientWeb2.Api.csproj", "{EF0E3178-DAE3-44E2-B9D7-96C5FC7E3B5A}"
EndProject
Global
	GlobalSection(SolutionConfigurationPlatforms) = preSolution
		Debug|Any CPU = Debug|Any CPU
		Release|Any CPU = Release|Any CPU
	EndGlobalSection
	GlobalSection(ProjectConfigurationPlatforms) = postSolution
		{97DA3DE1-C521-41BF-8F38-B52EF8B99B1F}.Debug|Any CPU.ActiveCfg = Debug|Any CPU
		{97DA3DE1-C521-41BF-8F38-B52EF8B99B1F}.Debug|Any CPU.Build.0 = Debug|Any CPU
		{97DA3DE1-C521-41BF-8F38-B52EF8B99B1F}.Release|Any CPU.ActiveCfg = Release|Any CPU
		{97DA3DE1-C521-41BF-8F38-B52EF8B99B1F}.Release|Any CPU.Build.0 = Release|Any CPU
		{EF0E3178-DAE3-44E2-B9D7-96C5FC7E3B5A}.Debug|Any CPU.ActiveCfg = Debug|Any CPU
		{EF0E3178-DAE3-44E2-B9D7-96C5FC7E3B5A}.Debug|Any CPU.Build.0 = Debug|Any CPU
		{EF0E3178-DAE3-44E2-B9D7-96C5FC7E3B5A}.Release|Any CPU.ActiveCfg = Release|Any CPU
		{EF0E3178-DAE3-44E2-B9D7-96C5FC7E3B5A}.Release|Any CPU.Build.0 = Release|Any CPU
	EndGlobalSection
	GlobalSection(SolutionProperties) = preSolution
		HideSolutionNode = FALSE
	EndGlobalSection
	GlobalSection(ExtensibilityGlobals) = postSolution
		SolutionGuid = {69B2E6E1-BCA8-42D5-ACDD-620A6A2421ED}
	EndGlobalSection
EndGlobal
